
Microsoft Visual Studio Solution File, Format Version 12.00
# Visual Studio Version 17
VisualStudioVersion = 17.4.33122.133
MinimumVisualStudioVersion = 10.0.40219.1
Project("{9A19103F-16F7-4668-BE54-9A1E7A4F7556}") = "BlazorApp", "BlazorApp.csproj", "{A6BD6054-845F-402F-A9F3-578F765BD9EB}"
EndProject
Global
	GlobalSection(SolutionConfigurationPlatforms) = preSolution
		Debug|Any CPU = Debug|Any CPU
		Release|Any CPU = Release|Any CPU
	EndGlobalSection
	GlobalSection(ProjectConfigurationPlatforms) = postSolution
		{A6BD6054-845F-402F-A9F3-578F765BD9EB}.Debug|Any CPU.ActiveCfg = Debug|Any CPU
		{A6BD6054-845F-402F-A9F3-578F765BD9EB}.Debug|Any CPU.Build.0 = Debug|Any CPU
		{A6BD6054-845F-402F-A9F3-578F765BD9EB}.Release|Any CPU.ActiveCfg = Release|Any CPU
		{A6BD6054-845F-402F-A9F3-578F765BD9EB}.Release|Any CPU.Build.0 = Release|Any CPU
	EndGlobalSection
	GlobalSection(SolutionProperties) = preSolution
		HideSolutionNode = FALSE
	EndGlobalSection
	GlobalSection(ExtensibilityGlobals) = postSolution
		SolutionGuid = {1618EDF6-3A93-4DB3-994E-45B8D1050610}
	EndGlobalSection
EndGlobal
